
Microsoft Visual Studio Solution File, Format Version 12.00
# Visual Studio Version 17
VisualStudioVersion = 17.11.35312.102
MinimumVisualStudioVersion = 10.0.40219.1
Project("{8BC9CEB8-8B4A-11D0-8D11-00A0C91BC942}") = "职工管理系统", "职工管理系统.vcxproj", "{30F66502-DB20-4087-89F1-3AC4751A00B8}"
EndProject
Global
	GlobalSection(SolutionConfigurationPlatforms) = preSolution
		Debug|x64 = Debug|x64
		Debug|x86 = Debug|x86
		Release|x64 = Release|x64
		Release|x86 = Release|x86
	EndGlobalSection
	GlobalSection(ProjectConfigurationPlatforms) = postSolution
		{30F66502-DB20-4087-89F1-3AC4751A00B8}.Debug|x64.ActiveCfg = Debug|x64
		{30F66502-DB20-4087-89F1-3AC4751A00B8}.Debug|x64.Build.0 = Debug|x64
		{30F66502-DB20-4087-89F1-3AC4751A00B8}.Debug|x86.ActiveCfg = Debug|Win32
		{30F66502-DB20-4087-89F1-3AC4751A00B8}.Debug|x86.Build.0 = Debug|Win32
		{30F66502-DB20-4087-89F1-3AC4751A00B8}.Release|x64.ActiveCfg = Release|x64
		{30F66502-DB20-4087-89F1-3AC4751A00B8}.Release|x64.Build.0 = Release|x64
		{30F66502-DB20-4087-89F1-3AC4751A00B8}.Release|x86.ActiveCfg = Release|Win32
		{30F66502-DB20-4087-89F1-3AC4751A00B8}.Release|x86.Build.0 = Release|Win32
	EndGlobalSection
	GlobalSection(SolutionProperties) = preSolution
		HideSolutionNode = FALSE
	EndGlobalSection
	GlobalSection(ExtensibilityGlobals) = postSolution
		SolutionGuid = {D2A8FFF7-F40C-46B8-B712-3F59F510C0C3}
	EndGlobalSection
EndGlobal
